// !$*UTF8*$!
{
	archiveVersion = 1;
	classes = {
	};
	objectVersion = 50;
	objects = {

/* Begin PBXBuildFile section */
		0830840E22858A51004BF430 /* AppDelegate.swift in Sources */ = {isa = PBXBuildFile; fileRef = 0830840D22858A51004BF430 /* AppDelegate.swift */; };
		0830841022858A51004BF430 /* ViewController.swift in Sources */ = {isa = PBXBuildFile; fileRef = 0830840F22858A51004BF430 /* ViewController.swift */; };
		0830841322858A51004BF430 /* Main.storyboard in Resources */ = {isa = PBXBuildFile; fileRef = 0830841122858A51004BF430 /* Main.storyboard */; };
		0830841522858A54004BF430 /* Assets.xcassets in Resources */ = {isa = PBXBuildFile; fileRef = 0830841422858A54004BF430 /* Assets.xcassets */; };
		0830841822858A54004BF430 /* LaunchScreen.storyboard in Resources */ = {isa = PBXBuildFile; fileRef = 0830841622858A54004BF430 /* LaunchScreen.storyboard */; };
		08A97A802287FF060080A7E4 /* ScoreViewController.swift in Sources */ = {isa = PBXBuildFile; fileRef = 08A97A7F2287FF060080A7E4 /* ScoreViewController.swift */; };
		08A97A82228819270080A7E4 /* LineChartViewController.swift in Sources */ = {isa = PBXBuildFile; fileRef = 08A97A81228819270080A7E4 /* LineChartViewController.swift */; };
		10537DBFC6F42FB2F7C90155 /* Pods_Code_Bito.framework in Frameworks */ = {isa = PBXBuildFile; fileRef = A471BE1E12619DBEC7DB3C3E /* Pods_Code_Bito.framework */; };
/* End PBXBuildFile section */

/* Begin PBXFileReference section */
		0830840A22858A51004BF430 /* Code Bito.app */ = {isa = PBXFileReference; explicitFileType = wrapper.application; includeInIndex = 0; path = "Code Bito.app"; sourceTree = BUILT_PRODUCTS_DIR; };
		0830840D22858A51004BF430 /* AppDelegate.swift */ = {isa = PBXFileReference; lastKnownFileType = sourcecode.swift; path = AppDelegate.swift; sourceTree = "<group>"; };
		0830840F22858A51004BF430 /* ViewController.swift */ = {isa = PBXFileReference; lastKnownFileType = sourcecode.swift; path = ViewController.swift; sourceTree = "<group>"; };
		0830841222858A51004BF430 /* Base */ = {isa = PBXFileReference; lastKnownFileType = file.storyboard; name = Base; path = Base.lproj/Main.storyboard; sourceTree = "<group>"; };
		0830841422858A54004BF430 /* Assets.xcassets */ = {isa = PBXFileReference; lastKnownFileType = folder.assetcatalog; path = Assets.xcassets; sourceTree = "<group>"; };
		0830841722858A54004BF430 /* Base */ = {isa = PBXFileReference; lastKnownFileType = file.storyboard; name = Base; path = Base.lproj/LaunchScreen.storyboard; sourceTree = "<group>"; };
		0830841922858A54004BF430 /* Info.plist */ = {isa = PBXFileReference; lastKnownFileType = text.plist.xml; path = Info.plist; sourceTree = "<group>"; };
		08A97A7F2287FF060080A7E4 /* ScoreViewController.swift */ = {isa = PBXFileReference; lastKnownFileType = sourcecode.swift; path = ScoreViewController.swift; sourceTree = "<group>"; };
		08A97A81228819270080A7E4 /* LineChartViewController.swift */ = {isa = PBXFileReference; lastKnownFileType = sourcecode.swift; path = LineChartViewController.swift; sourceTree = "<group>"; };
		2E6AC4A8D86D7AAD4175715A /* Pods-Code Bito.release.xcconfig */ = {isa = PBXFileReference; includeInIndex = 1; lastKnownFileType = text.xcconfig; name = "Pods-Code Bito.release.xcconfig"; path = "Pods/Target Support Files/Pods-Code Bito/Pods-Code Bito.release.xcconfig"; sourceTree = "<group>"; };
		972E7EBFD665D1A779C47870 /* Pods-Code Bito.debug.xcconfig */ = {isa = PBXFileReference; includeInIndex = 1; lastKnownFileType = text.xcconfig; name = "Pods-Code Bito.debug.xcconfig"; path = "Pods/Target Support Files/Pods-Code Bito/Pods-Code Bito.debug.xcconfig"; sourceTree = "<group>"; };
		A471BE1E12619DBEC7DB3C3E /* Pods_Code_Bito.framework */ = {isa = PBXFileReference; explicitFileType = wrapper.framework; includeInIndex = 0; path = Pods_Code_Bito.framework; sourceTree = BUILT_PRODUCTS_DIR; };
/* End PBXFileReference section */

/* Begin PBXFrameworksBuildPhase section */
		0830840722858A51004BF430 /* Frameworks */ = {
			isa = PBXFrameworksBuildPhase;
			buildActionMask = 2147483647;
			files = (
				10537DBFC6F42FB2F7C90155 /* Pods_Code_Bito.framework in Frameworks */,
			);
			runOnlyForDeploymentPostprocessing = 0;
		};
/* End PBXFrameworksBuildPhase section */

/* Begin PBXGroup section */
		0830840122858A51004BF430 = {
			isa = PBXGroup;
			children = (
				0830840C22858A51004BF430 /* Code Bito */,
				0830840B22858A51004BF430 /* Products */,
				4443D9B795DB59B5B9452CEB /* Pods */,
				C1126C8E99A61BB60CCE7C17 /* Frameworks */,
			);
			sourceTree = "<group>";
		};
		0830840B22858A51004BF430 /* Products */ = {
			isa = PBXGroup;
			children = (
				0830840A22858A51004BF430 /* Code Bito.app */,
			);
			name = Products;
			sourceTree = "<group>";
		};
		0830840C22858A51004BF430 /* Code Bito */ = {
			isa = PBXGroup;
			children = (
				0830840D22858A51004BF430 /* AppDelegate.swift */,
				0830840F22858A51004BF430 /* ViewController.swift */,
				0830841122858A51004BF430 /* Main.storyboard */,
				0830841422858A54004BF430 /* Assets.xcassets */,
				0830841622858A54004BF430 /* LaunchScreen.storyboard */,
				0830841922858A54004BF430 /* Info.plist */,
				08A97A7F2287FF060080A7E4 /* ScoreViewController.swift */,
				08A97A81228819270080A7E4 /* LineChartViewController.swift */,
			);
			path = "Code Bito";
			sourceTree = "<group>";
		};
		4443D9B795DB59B5B9452CEB /* Pods */ = {
			isa = PBXGroup;
			children = (
				972E7EBFD665D1A779C47870 /* Pods-Code Bito.debug.xcconfig */,
				2E6AC4A8D86D7AAD4175715A /* Pods-Code Bito.release.xcconfig */,
			);
			name = Pods;
			sourceTree = "<group>";
		};
		C1126C8E99A61BB60CCE7C17 /* Frameworks */ = {
			isa = PBXGroup;
			children = (
				A471BE1E12619DBEC7DB3C3E /* Pods_Code_Bito.framework */,
			);
			name = Frameworks;
			sourceTree = "<group>";
		};
/* End PBXGroup section */

/* Begin PBXNativeTarget section */
		0830840922858A51004BF430 /* Code Bito */ = {
			isa = PBXNativeTarget;
			buildConfigurationList = 0830841C22858A54004BF430 /* Build configuration list for PBXNativeTarget "Code Bito" */;
			buildPhases = (
				591E93867A129BFA6C1DF313 /* [CP] Check Pods Manifest.lock */,
				0830840622858A51004BF430 /* Sources */,
				0830840722858A51004BF430 /* Frameworks */,
				0830840822858A51004BF430 /* Resources */,
				6A4562295038A6003671137A /* [CP] Embed Pods Frameworks */,
			);
			buildRules = (
			);
			dependencies = (
			);
			name = "Code Bito";
			productName = "Code Bito";
			productReference = 0830840A22858A51004BF430 /* Code Bito.app */;
			productType = "com.apple.product-type.application";
		};
/* End PBXNativeTarget section */

/* Begin PBXProject section */
		0830840222858A51004BF430 /* Project object */ = {
			isa = PBXProject;
			attributes = {
				LastSwiftUpdateCheck = 1020;
				LastUpgradeCheck = 1020;
				ORGANIZATIONNAME = "Harsh Mehta";
				TargetAttributes = {
					0830840922858A51004BF430 = {
						CreatedOnToolsVersion = 10.2.1;
					};
				};
			};
			buildConfigurationList = 0830840522858A51004BF430 /* Build configuration list for PBXProject "Code Bito" */;
			compatibilityVersion = "Xcode 9.3";
			developmentRegion = en;
			hasScannedForEncodings = 0;
			knownRegions = (
				en,
				Base,
			);
			mainGroup = 0830840122858A51004BF430;
			productRefGroup = 0830840B22858A51004BF430 /* Products */;
			projectDirPath = "";
			projectRoot = "";
			targets = (
				0830840922858A51004BF430 /* Code Bito */,
			);
		};
/* End PBXProject section */

/* Begin PBXResourcesBuildPhase section */
		0830840822858A51004BF430 /* Resources */ = {
			isa = PBXResourcesBuildPhase;
			buildActionMask = 2147483647;
			files = (
				0830841822858A54004BF430 /* LaunchScreen.storyboard in Resources */,
				0830841522858A54004BF430 /* Assets.xcassets in Resources */,
				0830841322858A51004BF430 /* Main.storyboard in Resources */,
			);
			runOnlyForDeploymentPostprocessing = 0;
		};
/* End PBXResourcesBuildPhase section */

/* Begin PBXShellScriptBuildPhase section */
		591E93867A129BFA6C1DF313 /* [CP] Check Pods Manifest.lock */ = {
			isa = PBXShellScriptBuildPhase;
			buildActionMask = 2147483647;
			files = (
			);
			inputPaths = (
				"${PODS_PODFILE_DIR_PATH}/Podfile.lock",
				"${PODS_ROOT}/Manifest.lock",
			);
			name = "[CP] Check Pods Manifest.lock";
			outputPaths = (
				"$(DERIVED_FILE_DIR)/Pods-Code Bito-checkManifestLockResult.txt",
			);
			runOnlyForDeploymentPostprocessing = 0;
			shellPath = /bin/sh;
			shellScript = "diff \"${PODS_PODFILE_DIR_PATH}/Podfile.lock\" \"${PODS_ROOT}/Manifest.lock\" > /dev/null\nif [ $? != 0 ] ; then\n    # print error to STDERR\n    echo \"error: The sandbox is not in sync with the Podfile.lock. Run 'pod install' or update your CocoaPods installation.\" >&2\n    exit 1\nfi\n# This output is used by Xcode 'outputs' to avoid re-running this script phase.\necho \"SUCCESS\" > \"${SCRIPT_OUTPUT_FILE_0}\"\n";
			showEnvVarsInLog = 0;
		};
		6A4562295038A6003671137A /* [CP] Embed Pods Frameworks */ = {
			isa = PBXShellScriptBuildPhase;
			buildActionMask = 2147483647;
			files = (
			);
			inputPaths = (
				"${SRCROOT}/Pods/Target Support Files/Pods-Code Bito/Pods-Code Bito-frameworks.sh",
				"${BUILT_PRODUCTS_DIR}/Charts/Charts.framework",
			);
			name = "[CP] Embed Pods Frameworks";
			outputPaths = (
				"${TARGET_BUILD_DIR}/${FRAMEWORKS_FOLDER_PATH}/Charts.framework",
			);
			runOnlyForDeploymentPostprocessing = 0;
			shellPath = /bin/sh;
			shellScript = "\"${SRCROOT}/Pods/Target Support Files/Pods-Code Bito/Pods-Code Bito-frameworks.sh\"\n";
			showEnvVarsInLog = 0;
		};
/* End PBXShellScriptBuildPhase section */

/* Begin PBXSourcesBuildPhase section */
		0830840622858A51004BF430 /* Sources */ = {
			isa = PBXSourcesBuildPhase;
			buildActionMask = 2147483647;
			files = (
				0830841022858A51004BF430 /* ViewController.swift in Sources */,
				08A97A82228819270080A7E4 /* LineChartViewController.swift in Sources */,
				0830840E22858A51004BF430 /* AppDelegate.swift in Sources */,
				08A97A802287FF060080A7E4 /* ScoreViewController.swift in Sources */,
			);
			runOnlyForDeploymentPostprocessing = 0;
		};
/* End PBXSourcesBuildPhase section */

/* Begin PBXVariantGroup section */
		0830841122858A51004BF430 /* Main.storyboard */ = {
			isa = PBXVariantGroup;
			children = (
				0830841222858A51004BF430 /* Base */,
			);
			name = Main.storyboard;
			sourceTree = "<group>";
		};
		0830841622858A54004BF430 /* LaunchScreen.storyboard */ = {
			isa = PBXVariantGroup;
			children = (
				0830841722858A54004BF430 /* Base */,
			);
			name = LaunchScreen.storyboard;
			sourceTree = "<group>";
		};
/* End PBXVariantGroup section */

/* Begin XCBuildConfiguration section */
		0830841A22858A54004BF430 /* Debug */ = {
			isa = XCBuildConfiguration;
			buildSettings = {
				ALWAYS_SEARCH_USER_PATHS = NO;
				CLANG_ANALYZER_NONNULL = YES;
				CLANG_ANALYZER_NUMBER_OBJECT_CONVERSION = YES_AGGRESSIVE;
				CLANG_CXX_LANGUAGE_STANDARD = "gnu++14";
				CLANG_CXX_LIBRARY = "libc++";
				CLANG_ENABLE_MODULES = YES;
				CLANG_ENABLE_OBJC_ARC = YES;
				CLANG_ENABLE_OBJC_WEAK = YES;
				CLANG_WARN_BLOCK_CAPTURE_AUTORELEASING = YES;
				CLANG_WARN_BOOL_CONVERSION = YES;
				CLANG_WARN_COMMA = YES;
				CLANG_WARN_CONSTANT_CONVERSION = YES;
				CLANG_WARN_DEPRECATED_OBJC_IMPLEMENTATIONS = YES;
				CLANG_WARN_DIRECT_OBJC_ISA_USAGE = YES_ERROR;
				CLANG_WARN_DOCUMENTATION_COMMENTS = YES;
				CLANG_WARN_EMPTY_BODY = YES;
				CLANG_WARN_ENUM_CONVERSION = YES;
				CLANG_WARN_INFINITE_RECURSION = YES;
				CLANG_WARN_INT_CONVERSION = YES;
				CLANG_WARN_NON_LITERAL_NULL_CONVERSION = YES;
				CLANG_WARN_OBJC_IMPLICIT_RETAIN_SELF = YES;
				CLANG_WARN_OBJC_LITERAL_CONVERSION = YES;
				CLANG_WARN_OBJC_ROOT_CLASS = YES_ERROR;
				CLANG_WARN_RANGE_LOOP_ANALYSIS = YES;
				CLANG_WARN_STRICT_PROTOTYPES = YES;
				CLANG_WARN_SUSPICIOUS_MOVE = YES;
				CLANG_WARN_UNGUARDED_AVAILABILITY = YES_AGGRESSIVE;
				CLANG_WARN_UNREACHABLE_CODE = YES;
				CLANG_WARN__DUPLICATE_METHOD_MATCH = YES;
				CODE_SIGN_IDENTITY = "iPhone Developer";
				COPY_PHASE_STRIP = NO;
				DEBUG_INFORMATION_FORMAT = dwarf;
				ENABLE_STRICT_OBJC_MSGSEND = YES;
				ENABLE_TESTABILITY = YES;
				GCC_C_LANGUAGE_STANDARD = gnu11;
				GCC_DYNAMIC_NO_PIC = NO;
				GCC_NO_COMMON_BLOCKS = YES;
				GCC_OPTIMIZATION_LEVEL = 0;
				GCC_PREPROCESSOR_DEFINITIONS = (
					"DEBUG=1",
					"$(inherited)",
				);
				GCC_WARN_64_TO_32_BIT_CONVERSION = YES;
				GCC_WARN_ABOUT_RETURN_TYPE = YES_ERROR;
				GCC_WARN_UNDECLARED_SELECTOR = YES;
				GCC_WARN_UNINITIALIZED_AUTOS = YES_AGGRESSIVE;
				GCC_WARN_UNUSED_FUNCTION = YES;
				GCC_WARN_UNUSED_VARIABLE = YES;
				IPHONEOS_DEPLOYMENT_TARGET = 12.2;
				MTL_ENABLE_DEBUG_INFO = INCLUDE_SOURCE;
				MTL_FAST_MATH = YES;
				ONLY_ACTIVE_ARCH = YES;
				SDKROOT = iphoneos;
				SWIFT_ACTIVE_COMPILATION_CONDITIONS = DEBUG;
				SWIFT_OPTIMIZATION_LEVEL = "-Onone";
			};
			name = Debug;
		};
		0830841B22858A54004BF430 /* Release */ = {
			isa = XCBuildConfiguration;
			buildSettings = {
				ALWAYS_SEARCH_USER_PATHS = NO;
				CLANG_ANALYZER_NONNULL = YES;
				CLANG_ANALYZER_NUMBER_OBJECT_CONVERSION = YES_AGGRESSIVE;
				CLANG_CXX_LANGUAGE_STANDARD = "gnu++14";
				CLANG_CXX_LIBRARY = "libc++";
				CLANG_ENABLE_MODULES = YES;
				CLANG_ENABLE_OBJC_ARC = YES;
				CLANG_ENABLE_OBJC_WEAK = YES;
				CLANG_WARN_BLOCK_CAPTURE_AUTORELEASING = YES;
				CLANG_WARN_BOOL_CONVERSION = YES;
				CLANG_WARN_COMMA = YES;
				CLANG_WARN_CONSTANT_CONVERSION = YES;
				CLANG_WARN_DEPRECATED_OBJC_IMPLEMENTATIONS = YES;
				CLANG_WARN_DIRECT_OBJC_ISA_USAGE = YES_ERROR;
				CLANG_WARN_DOCUMENTATION_COMMENTS = YES;
				CLANG_WARN_EMPTY_BODY = YES;
				CLANG_WARN_ENUM_CONVERSION = YES;
				CLANG_WARN_INFINITE_RECURSION = YES;
				CLANG_WARN_INT_CONVERSION = YES;
				CLANG_WARN_NON_LITERAL_NULL_CONVERSION = YES;
				CLANG_WARN_OBJC_IMPLICIT_RETAIN_SELF = YES;
				CLANG_WARN_OBJC_LITERAL_CONVERSION = YES;
				CLANG_WARN_OBJC_ROOT_CLASS = YES_ERROR;
				CLANG_WARN_RANGE_LOOP_ANALYSIS = YES;
				CLANG_WARN_STRICT_PROTOTYPES = YES;
				CLANG_WARN_SUSPICIOUS_MOVE = YES;
				CLANG_WARN_UNGUARDED_AVAILABILITY = YES_AGGRESSIVE;
				CLANG_WARN_UNREACHABLE_CODE = YES;
				CLANG_WARN__DUPLICATE_METHOD_MATCH = YES;
				CODE_SIGN_IDENTITY = "iPhone Developer";
				COPY_PHASE_STRIP = NO;
				DEBUG_INFORMATION_FORMAT = "dwarf-with-dsym";
				ENABLE_NS_ASSERTIONS = NO;
				ENABLE_STRICT_OBJC_MSGSEND = YES;
				GCC_C_LANGUAGE_STANDARD = gnu11;
				GCC_NO_COMMON_BLOCKS = YES;
				GCC_WARN_64_TO_32_BIT_CONVERSION = YES;
				GCC_WARN_ABOUT_RETURN_TYPE = YES_ERROR;
				GCC_WARN_UNDECLARED_SELECTOR = YES;
				GCC_WARN_UNINITIALIZED_AUTOS = YES_AGGRESSIVE;
				GCC_WARN_UNUSED_FUNCTION = YES;
				GCC_WARN_UNUSED_VARIABLE = YES;
				IPHONEOS_DEPLOYMENT_TARGET = 12.2;
				MTL_ENABLE_DEBUG_INFO = NO;
				MTL_FAST_MATH = YES;
				SDKROOT = iphoneos;
				SWIFT_COMPILATION_MODE = wholemodule;
				SWIFT_OPTIMIZATION_LEVEL = "-O";
				VALIDATE_PRODUCT = YES;
			};
			name = Release;
		};
		0830841D22858A54004BF430 /* Debug */ = {
			isa = XCBuildConfiguration;
			baseConfigurationReference = 972E7EBFD665D1A779C47870 /* Pods-Code Bito.debug.xcconfig */;
			buildSettings = {
				ASSETCATALOG_COMPILER_APPICON_NAME = AppIcon;
				CODE_SIGN_STYLE = Automatic;
				INFOPLIST_FILE = "Code Bito/Info.plist";
				LD_RUNPATH_SEARCH_PATHS = (
					"$(inherited)",
					"@executable_path/Frameworks",
				);
				PRODUCT_BUNDLE_IDENTIFIER = "com.test.Code-Bito";
				PRODUCT_NAME = "$(TARGET_NAME)";
				SWIFT_VERSION = 5.0;
				TARGETED_DEVICE_FAMILY = "1,2";
			};
			name = Debug;
		};
		0830841E22858A54004BF430 /* Release */ = {
			isa = XCBuildConfiguration;
			baseConfigurationReference = 2E6AC4A8D86D7AAD4175715A /* Pods-Code Bito.release.xcconfig */;
			buildSettings = {
				ASSETCATALOG_COMPILER_APPICON_NAME = AppIcon;
				CODE_SIGN_STYLE = Automatic;
				INFOPLIST_FILE = "Code Bito/Info.plist";
				LD_RUNPATH_SEARCH_PATHS = (
					"$(inherited)",
					"@executable_path/Frameworks",
				);
				PRODUCT_BUNDLE_IDENTIFIER = "com.test.Code-Bito";
				PRODUCT_NAME = "$(TARGET_NAME)";
				SWIFT_VERSION = 5.0;
				TARGETED_DEVICE_FAMILY = "1,2";
			};
			name = Release;
		};
/* End XCBuildConfiguration section */

/* Begin XCConfigurationList section */
		0830840522858A51004BF430 /* Build configuration list for PBXProject "Code Bito" */ = {
			isa = XCConfigurationList;
			buildConfigurations = (
				0830841A22858A54004BF430 /* Debug */,
				0830841B22858A54004BF430 /* Release */,
			);
			defaultConfigurationIsVisible = 0;
			defaultConfigurationName = Release;
		};
		0830841C22858A54004BF430 /* Build configuration list for PBXNativeTarget "Code Bito" */ = {
			isa = XCConfigurationList;
			buildConfigurations = (
				0830841D22858A54004BF430 /* Debug */,
				0830841E22858A54004BF430 /* Release */,
			);
			defaultConfigurationIsVisible = 0;
			defaultConfigurationName = Release;
		};
/* End XCConfigurationList section */
	};
	rootObject = 0830840222858A51004BF430 /* Project object */;
}
